{
  "name": "react-native-ssb-client",
  "version": "3.0.0",
  "lockfileVersion": 1,
  "requires": true,
  "dependencies": {
    "@types/node": {
      "version": "8.9.0",
      "resolved": "https://registry.npmjs.org/@types/node/-/node-8.9.0.tgz",
      "integrity": "sha512-LVPrm5uzrma9ThwNiCgXWtsiXgPgUyEBzJJUJ8zcY0z/Dfdwa1mZ6PR51/mTKourRKnpEx/gwDHYUiY0Z/Juzg==",
      "dev": true
    },
    "chloride": {
      "version": "2.2.8",
      "resolved": "https://registry.npmjs.org/chloride/-/chloride-2.2.8.tgz",
      "integrity": "sha1-6/mos8qJp0R8NgOW2t+BfIqY1Zk=",
      "requires": {
        "is-electron": "2.1.0",
        "sodium-browserify": "1.2.1",
        "sodium-browserify-tweetnacl": "0.2.3",
        "sodium-chloride": "1.1.0",
        "sodium-native": "2.1.4"
      }
    },
    "chloride-test": {
      "version": "1.2.2",
      "resolved": "https://registry.npmjs.org/chloride-test/-/chloride-test-1.2.2.tgz",
      "integrity": "sha1-F4aGqF6SeARREulujHkXk/mhCuo=",
      "requires": {
        "json-buffer": "2.0.11"
      }
    },
    "deep-equal": {
      "version": "1.0.1",
      "resolved": "https://registry.npmjs.org/deep-equal/-/deep-equal-1.0.1.tgz",
      "integrity": "sha1-9dJgKStmDghO/0zbyfCK0yR0SLU="
    },
    "deep-extend": {
      "version": "0.4.2",
      "resolved": "https://registry.npmjs.org/deep-extend/-/deep-extend-0.4.2.tgz",
      "integrity": "sha1-SLaZwn4zS/ifEIkr5DL25MfTSn8="
    },
    "ed2curve": {
      "version": "0.1.4",
      "resolved": "https://registry.npmjs.org/ed2curve/-/ed2curve-0.1.4.tgz",
      "integrity": "sha1-lKRCSLuH2jXbDv968KpXYWgRf1k=",
      "requires": {
        "tweetnacl": "0.14.5"
      }
    },
    "explain-error": {
      "version": "1.0.4",
      "resolved": "https://registry.npmjs.org/explain-error/-/explain-error-1.0.4.tgz",
      "integrity": "sha1-p5PTrAytTGq1cemWj7urbLJTKSk="
    },
    "increment-buffer": {
      "version": "1.0.1",
      "resolved": "https://registry.npmjs.org/increment-buffer/-/increment-buffer-1.0.1.tgz",
      "integrity": "sha1-ZQdtdRidgIs5rROrW5WOBSFvng0="
    },
    "inherits": {
      "version": "2.0.3",
      "resolved": "https://registry.npmjs.org/inherits/-/inherits-2.0.3.tgz",
      "integrity": "sha1-Yzwsg+PaQqUC9SRmAiSA9CCCYd4="
    },
    "ini": {
      "version": "1.3.5",
      "resolved": "https://registry.npmjs.org/ini/-/ini-1.3.5.tgz",
      "integrity": "sha512-RZY5huIKCMRWDUqZlEi72f/lmXKMvuszcMBduliQ3nnWbx9X/ZBQO7DijMEYS9EhHBb2qacRUMtC7svLwe0lcw=="
    },
    "ip": {
      "version": "1.1.5",
      "resolved": "https://registry.npmjs.org/ip/-/ip-1.1.5.tgz",
      "integrity": "sha1-vd7XARQpCCjAoDnnLvJfWq7ENUo="
    },
    "is-electron": {
      "version": "2.1.0",
      "resolved": "https://registry.npmjs.org/is-electron/-/is-electron-2.1.0.tgz",
      "integrity": "sha512-dkg5xT383+M6zIbbXW/z7n2nz4SFUi2OSyhntnFYkRdtV+HVEfdjEK+5AWisfYgkpe3WYjTIuh7toaKmSfFVWw=="
    },
    "json-buffer": {
      "version": "2.0.11",
      "resolved": "https://registry.npmjs.org/json-buffer/-/json-buffer-2.0.11.tgz",
      "integrity": "sha1-PkQf2jCYvo0eMXGtWRvGKjPi1V8="
    },
    "libsodium": {
      "version": "0.2.12",
      "resolved": "https://registry.npmjs.org/libsodium/-/libsodium-0.2.12.tgz",
      "integrity": "sha1-gwg1ZNzwicuCpQNb6Sul0iSizN4="
    },
    "libsodium-wrappers": {
      "version": "0.2.12",
      "resolved": "https://registry.npmjs.org/libsodium-wrappers/-/libsodium-wrappers-0.2.12.tgz",
      "integrity": "sha1-UftQd0uO3FF5J7MHuBKkbDpGfh4=",
      "requires": {
        "libsodium": "0.2.12"
      }
    },
    "looper": {
      "version": "3.0.0",
      "resolved": "https://registry.npmjs.org/looper/-/looper-3.0.0.tgz",
      "integrity": "sha1-LvpUw7HLq6m5Su4uWRSwvlf7t0k="
    },
    "minimist": {
      "version": "1.2.0",
      "resolved": "https://registry.npmjs.org/minimist/-/minimist-1.2.0.tgz",
      "integrity": "sha1-o1AIsg9BOD7sH7kU9M1d95omQoQ="
    },
    "mkdirp": {
      "version": "0.5.1",
      "resolved": "https://registry.npmjs.org/mkdirp/-/mkdirp-0.5.1.tgz",
      "integrity": "sha1-MAV0OOrGz3+MR2fzhkjWaX11yQM=",
      "requires": {
        "minimist": "0.0.8"
      },
      "dependencies": {
        "minimist": {
          "version": "0.0.8",
          "resolved": "https://registry.npmjs.org/minimist/-/minimist-0.0.8.tgz",
          "integrity": "sha1-hX/Kv8M5fSYluCKCYuhqp6ARsF0="
        }
      }
    },
    "multicb": {
      "version": "1.2.2",
      "resolved": "https://registry.npmjs.org/multicb/-/multicb-1.2.2.tgz",
      "integrity": "sha512-PZM4dhYFmCF6uZGWpEmoPMUqJBywS9IcAgybT2GmSpYI1BvGvoWSdbio+ik+q/YD2vodhvslESWIS3NnkKYdqQ=="
    },
    "multiserver": {
      "version": "1.10.1",
      "resolved": "https://registry.npmjs.org/multiserver/-/multiserver-1.10.1.tgz",
      "integrity": "sha1-WiP57wpI9ldDEOCT4qos+lrrka0=",
      "requires": {
        "pull-cat": "1.1.11",
        "pull-stream": "3.6.1",
        "pull-ws": "3.3.0",
        "secret-handshake": "1.1.12",
        "separator-escape": "0.0.0",
        "socks": "1.1.9",
        "stream-to-pull-stream": "1.7.2"
      }
    },
    "muxrpc": {
      "version": "6.4.0",
      "resolved": "https://registry.npmjs.org/muxrpc/-/muxrpc-6.4.0.tgz",
      "integrity": "sha1-JPfaBpvUYpsHfpk7BXeUKyaI6ug=",
      "requires": {
        "explain-error": "1.0.4",
        "packet-stream": "2.0.2",
        "packet-stream-codec": "1.1.2",
        "pull-goodbye": "0.0.2",
        "pull-stream": "3.6.1"
      }
    },
    "nan": {
      "version": "2.8.0",
      "resolved": "https://registry.npmjs.org/nan/-/nan-2.8.0.tgz",
      "integrity": "sha1-7XFfP+neArV6XmJS2QqWZ14fCFo=",
      "optional": true
    },
    "node-gyp-build": {
      "version": "3.2.2",
      "resolved": "https://registry.npmjs.org/node-gyp-build/-/node-gyp-build-3.2.2.tgz",
      "integrity": "sha512-t8W/0UqFGl1c+5ORA3NoT3npU+PxWBL9iPhY7ZySSTszodj3RWexmu8niayWBE0v+0DLARvOXsjaAvfmSEQOyQ==",
      "optional": true
    },
    "non-private-ip": {
      "version": "1.4.3",
      "resolved": "https://registry.npmjs.org/non-private-ip/-/non-private-ip-1.4.3.tgz",
      "integrity": "sha1-UsrysFOxU6vCKFbr3lOuAJPAYKU=",
      "requires": {
        "ip": "0.3.3"
      },
      "dependencies": {
        "ip": {
          "version": "0.3.3",
          "resolved": "https://registry.npmjs.org/ip/-/ip-0.3.3.tgz",
          "integrity": "sha1-jugwnpLwsEDSh/cu+soaIXAtP7Q="
        }
      }
    },
    "options": {
      "version": "0.0.6",
      "resolved": "https://registry.npmjs.org/options/-/options-0.0.6.tgz",
      "integrity": "sha1-7CLTEoBrtT5zF3Pnza788cZDEo8="
    },
    "os-homedir": {
      "version": "1.0.2",
      "resolved": "https://registry.npmjs.org/os-homedir/-/os-homedir-1.0.2.tgz",
      "integrity": "sha1-/7xJiDNuDoM94MFox+8VISGqf7M="
    },
    "packet-stream": {
      "version": "2.0.2",
      "resolved": "https://registry.npmjs.org/packet-stream/-/packet-stream-2.0.2.tgz",
      "integrity": "sha1-uQt/m6tKliQiy8nLJHGcNT5JMmc="
    },
    "packet-stream-codec": {
      "version": "1.1.2",
      "resolved": "https://registry.npmjs.org/packet-stream-codec/-/packet-stream-codec-1.1.2.tgz",
      "integrity": "sha1-ebMC/BRM37tKtv66cEDmpdmcecc=",
      "requires": {
        "pull-reader": "1.2.9",
        "pull-through": "1.0.18"
      }
    },
    "private-box": {
      "version": "0.2.1",
      "resolved": "https://registry.npmjs.org/private-box/-/private-box-0.2.1.tgz",
      "integrity": "sha1-HfBhr8pbMDnH/qrdDa8PVvB+PsA=",
      "requires": {
        "chloride": "2.2.8"
      }
    },
    "pull-box-stream": {
      "version": "1.0.13",
      "resolved": "https://registry.npmjs.org/pull-box-stream/-/pull-box-stream-1.0.13.tgz",
      "integrity": "sha1-w+JAOY6rP1lRsu0QeMWYi/egork=",
      "requires": {
        "chloride": "2.2.8",
        "increment-buffer": "1.0.1",
        "pull-reader": "1.2.9",
        "pull-stream": "3.6.1",
        "pull-through": "1.0.18",
        "split-buffer": "1.0.0"
      }
    },
    "pull-cat": {
      "version": "1.1.11",
      "resolved": "https://registry.npmjs.org/pull-cat/-/pull-cat-1.1.11.tgz",
      "integrity": "sha1-tkLdElXaN2pwa220+pYvX9t0wxs="
    },
    "pull-goodbye": {
      "version": "0.0.2",
      "resolved": "https://registry.npmjs.org/pull-goodbye/-/pull-goodbye-0.0.2.tgz",
      "integrity": "sha1-jYNX21XiKnEN//DxaoyQtF7+QXE=",
      "requires": {
        "pull-stream": "3.5.0"
      },
      "dependencies": {
        "pull-stream": {
          "version": "3.5.0",
          "resolved": "https://registry.npmjs.org/pull-stream/-/pull-stream-3.5.0.tgz",
          "integrity": "sha1-HuW292/Ts6SaWvtt7VwDIKyzz8c="
        }
      }
    },
    "pull-handshake": {
      "version": "1.1.4",
      "resolved": "https://registry.npmjs.org/pull-handshake/-/pull-handshake-1.1.4.tgz",
      "integrity": "sha1-YACg/QGIhM39c3JU+Mxgqypjd5E=",
      "requires": {
        "pull-cat": "1.1.11",
        "pull-pair": "1.1.0",
        "pull-pushable": "2.1.2",
        "pull-reader": "1.2.9"
      }
    },
    "pull-hash": {
      "version": "1.0.0",
      "resolved": "https://registry.npmjs.org/pull-hash/-/pull-hash-1.0.0.tgz",
      "integrity": "sha1-/K1NJQe/LCsyMfZT3Jv7LbTw2Iw="
    },
    "pull-pair": {
      "version": "1.1.0",
      "resolved": "https://registry.npmjs.org/pull-pair/-/pull-pair-1.1.0.tgz",
      "integrity": "sha1-fuQnJj/fTaglOXrAoF4atLdL120="
    },
    "pull-pushable": {
      "version": "2.1.2",
      "resolved": "https://registry.npmjs.org/pull-pushable/-/pull-pushable-2.1.2.tgz",
      "integrity": "sha1-P+Fbj37sifOXLSOLwEiQyUBabbs="
    },
    "pull-reader": {
      "version": "1.2.9",
      "resolved": "https://registry.npmjs.org/pull-reader/-/pull-reader-1.2.9.tgz",
      "integrity": "sha1-0umtALz7VOYqpm1Cwtu8tetoQ7A="
    },
    "pull-stream": {
      "version": "3.6.1",
      "resolved": "https://registry.npmjs.org/pull-stream/-/pull-stream-3.6.1.tgz",
      "integrity": "sha1-xcKuSlEkbv7rzGXAQSo9clqSzgA="
    },
    "pull-through": {
      "version": "1.0.18",
      "resolved": "https://registry.npmjs.org/pull-through/-/pull-through-1.0.18.tgz",
      "integrity": "sha1-jdYjFCY+Wc9Qlur7sSeitu8xBzU=",
      "requires": {
        "looper": "3.0.0"
      }
    },
    "pull-ws": {
      "version": "3.3.0",
      "resolved": "https://registry.npmjs.org/pull-ws/-/pull-ws-3.3.0.tgz",
      "integrity": "sha1-4cQ+9AMyFn3YEg71nt9+iSvqSq4=",
      "requires": {
        "relative-url": "1.0.2",
        "safe-buffer": "5.1.1",
        "ws": "1.1.5"
      }
    },
    "rc": {
      "version": "1.2.5",
      "resolved": "https://registry.npmjs.org/rc/-/rc-1.2.5.tgz",
      "integrity": "sha1-J1zWh/bjs2zHVrqibf7oCnkDAf0=",
      "requires": {
        "deep-extend": "0.4.2",
        "ini": "1.3.5",
        "minimist": "1.2.0",
        "strip-json-comments": "2.0.1"
      }
    },
    "relative-url": {
      "version": "1.0.2",
      "resolved": "https://registry.npmjs.org/relative-url/-/relative-url-1.0.2.tgz",
      "integrity": "sha1-0hxSpy1gYQGLzun5yfwQa/fWUoc="
    },
    "safe-buffer": {
      "version": "5.1.1",
      "resolved": "https://registry.npmjs.org/safe-buffer/-/safe-buffer-5.1.1.tgz",
      "integrity": "sha512-kKvNJn6Mm93gAczWVJg7wH+wGYWNrDHdWvpUmHyEsgCtIwwo3bqPtV4tR5tuPaUhTOo/kvhVwd8XwwOllGYkbg=="
    },
    "secret-handshake": {
      "version": "1.1.12",
      "resolved": "https://registry.npmjs.org/secret-handshake/-/secret-handshake-1.1.12.tgz",
      "integrity": "sha512-5K2rx7QLBOz/JFAWGevU0JsoeC/0PZufSFJPqxQefZSdhMmB2aO16CJ9rwfnAzwMZMGrM+F2/ljXTP9wHp4GlA==",
      "requires": {
        "chloride": "2.2.8",
        "deep-equal": "1.0.1",
        "pull-box-stream": "1.0.13",
        "pull-handshake": "1.1.4",
        "pull-stream": "3.6.1"
      }
    },
    "separator-escape": {
      "version": "0.0.0",
      "resolved": "https://registry.npmjs.org/separator-escape/-/separator-escape-0.0.0.tgz",
      "integrity": "sha1-5DNnaTICBFTjwUhwxRfqHeVsL6Q="
    },
    "sha.js": {
      "version": "2.4.5",
      "resolved": "https://registry.npmjs.org/sha.js/-/sha.js-2.4.5.tgz",
      "integrity": "sha1-J9Fx78yCoRi5ljn/WBZgJCtQbnw=",
      "requires": {
        "inherits": "2.0.3"
      }
    },
    "smart-buffer": {
      "version": "1.1.15",
      "resolved": "https://registry.npmjs.org/smart-buffer/-/smart-buffer-1.1.15.tgz",
      "integrity": "sha1-fxFLW2X6s+KjWqd1uxLw0cZJvxY="
    },
    "socks": {
      "version": "1.1.9",
      "resolved": "https://registry.npmjs.org/socks/-/socks-1.1.9.tgz",
      "integrity": "sha1-Yo1+TQSRJDVEWsC25Fk3bLPm1pE=",
      "requires": {
        "ip": "1.1.5",
        "smart-buffer": "1.1.15"
      }
    },
    "sodium-browserify": {
      "version": "1.2.1",
      "resolved": "https://registry.npmjs.org/sodium-browserify/-/sodium-browserify-1.2.1.tgz",
      "integrity": "sha1-sLVZyjaYFnkIUhSFXiZkXfZ6rxw=",
      "requires": {
        "libsodium-wrappers": "0.2.12",
        "sha.js": "2.4.5",
        "tweetnacl": "0.14.5"
      }
    },
    "sodium-browserify-tweetnacl": {
      "version": "0.2.3",
      "resolved": "https://registry.npmjs.org/sodium-browserify-tweetnacl/-/sodium-browserify-tweetnacl-0.2.3.tgz",
      "integrity": "sha1-tVN//LufdOvEQ7i2ohGykej8vI4=",
      "requires": {
        "chloride-test": "1.2.2",
        "ed2curve": "0.1.4",
        "sha.js": "2.4.10",
        "tweetnacl": "0.14.5",
        "tweetnacl-auth": "0.3.1"
      },
      "dependencies": {
        "sha.js": {
          "version": "2.4.10",
          "resolved": "https://registry.npmjs.org/sha.js/-/sha.js-2.4.10.tgz",
          "integrity": "sha512-vnwmrFDlOExK4Nm16J2KMWHLrp14lBrjxMxBJpu++EnsuBmpiYaM/MEs46Vxxm/4FvdP5yTwuCTO9it5FSjrqA==",
          "requires": {
            "inherits": "2.0.3",
            "safe-buffer": "5.1.1"
          }
        }
      }
    },
    "sodium-chloride": {
      "version": "1.1.0",
      "resolved": "https://registry.npmjs.org/sodium-chloride/-/sodium-chloride-1.1.0.tgz",
      "integrity": "sha1-JHojS4iGf23/UTMrYF8ZOmW/aDk="
    },
    "sodium-native": {
      "version": "2.1.4",
      "resolved": "https://registry.npmjs.org/sodium-native/-/sodium-native-2.1.4.tgz",
      "integrity": "sha512-EiCWFVWp1useIOg+S4YZOsNv16dN+2J6RI2PKDiubhyrcP/YjK5O9XswkuEZUpgL0UMZb3S+u/J1eu9iXq412g==",
      "optional": true,
      "requires": {
        "ini": "1.3.5",
        "nan": "2.8.0",
        "node-gyp-build": "3.2.2"
      }
    },
    "split-buffer": {
      "version": "1.0.0",
      "resolved": "https://registry.npmjs.org/split-buffer/-/split-buffer-1.0.0.tgz",
      "integrity": "sha1-t+jgq1E0UVi3LB9tvvJAbVHx0Cc="
    },
    "ssb-client": {
      "version": "4.5.3",
      "resolved": "https://registry.npmjs.org/ssb-client/-/ssb-client-4.5.3.tgz",
      "integrity": "sha1-Svh1rBET2KojbKGBGdGjAodZmio=",
      "requires": {
        "explain-error": "1.0.4",
        "multicb": "1.2.2",
        "multiserver": "1.10.1",
        "muxrpc": "6.4.0",
        "pull-hash": "1.0.0",
        "pull-stream": "3.6.1",
        "ssb-config": "2.2.0",
        "ssb-keys": "7.0.13"
      }
    },
    "ssb-config": {
      "version": "2.2.0",
      "resolved": "https://registry.npmjs.org/ssb-config/-/ssb-config-2.2.0.tgz",
      "integrity": "sha1-QcrQOKhXWvQGLT/VfTsWe+hbA7w=",
      "requires": {
        "deep-extend": "0.4.2",
        "non-private-ip": "1.4.3",
        "os-homedir": "1.0.2",
        "rc": "1.2.5"
      }
    },
    "ssb-keys": {
      "version": "7.0.13",
      "resolved": "https://registry.npmjs.org/ssb-keys/-/ssb-keys-7.0.13.tgz",
      "integrity": "sha1-nWUnEAWHawfOqie3JICPDGAQu8k=",
      "requires": {
        "chloride": "2.2.8",
        "mkdirp": "0.5.1",
        "private-box": "0.2.1"
      }
    },
    "stream-to-pull-stream": {
      "version": "1.7.2",
      "resolved": "https://registry.npmjs.org/stream-to-pull-stream/-/stream-to-pull-stream-1.7.2.tgz",
      "integrity": "sha1-dXYJrhzr0zx0MtSvvjH/eGULnd4=",
      "requires": {
        "looper": "3.0.0",
        "pull-stream": "3.6.1"
      }
    },
    "strip-json-comments": {
      "version": "2.0.1",
      "resolved": "https://registry.npmjs.org/strip-json-comments/-/strip-json-comments-2.0.1.tgz",
      "integrity": "sha1-PFMZQukIwml8DsNEhYwobHygpgo="
    },
    "tweetnacl": {
      "version": "0.14.5",
      "resolved": "https://registry.npmjs.org/tweetnacl/-/tweetnacl-0.14.5.tgz",
      "integrity": "sha1-WuaBd/GS1EViadEIr6k/+HQ/T2Q="
    },
    "tweetnacl-auth": {
      "version": "0.3.1",
      "resolved": "https://registry.npmjs.org/tweetnacl-auth/-/tweetnacl-auth-0.3.1.tgz",
      "integrity": "sha1-t1vC3xVkm7hOi5qjwGacbEvODSU=",
      "requires": {
        "tweetnacl": "0.14.5"
      }
    },
    "typescript": {
      "version": "2.4.2",
      "resolved": "https://registry.npmjs.org/typescript/-/typescript-2.4.2.tgz",
      "integrity": "sha1-+DlfhdRZJ2BnyYiqQYN6j4KHCEQ=",
      "dev": true
    },
    "ultron": {
      "version": "1.0.2",
      "resolved": "https://registry.npmjs.org/ultron/-/ultron-1.0.2.tgz",
      "integrity": "sha1-rOEWq1V80Zc4ak6I9GhTeMiy5Po="
    },
    "ws": {
      "version": "1.1.5",
      "resolved": "https://registry.npmjs.org/ws/-/ws-1.1.5.tgz",
      "integrity": "sha512-o3KqipXNUdS7wpQzBHSe180lBGO60SoK0yVo3CYJgb2MkobuWuBX6dhkYP5ORCLd55y+SaflMOV5fqAB53ux4w==",
      "requires": {
        "options": "0.0.6",
        "ultron": "1.0.2"
      }
    }
  }
}
